// !$*UTF8*$!
{
	archiveVersion = 1;
	classes = {
	};
	objectVersion = 56;
	objects = {

/* Begin PBXBuildFile section */
		0AC31232295983DE0032CBB7 /* HomeMonitoringApp.swift in Sources */ = {isa = PBXBuildFile; fileRef = 0AC31231295983DE0032CBB7 /* HomeMonitoringApp.swift */; };
		0AC31234295983DE0032CBB7 /* ContentView.swift in Sources */ = {isa = PBXBuildFile; fileRef = 0AC31233295983DE0032CBB7 /* ContentView.swift */; };
		0AC31236295983DF0032CBB7 /* Assets.xcassets in Resources */ = {isa = PBXBuildFile; fileRef = 0AC31235295983DF0032CBB7 /* Assets.xcassets */; };
		0AC31239295983DF0032CBB7 /* Preview Assets.xcassets in Resources */ = {isa = PBXBuildFile; fileRef = 0AC31238295983DF0032CBB7 /* Preview Assets.xcassets */; };
		0AC3123B295983DF0032CBB7 /* Persistence.swift in Sources */ = {isa = PBXBuildFile; fileRef = 0AC3123A295983DF0032CBB7 /* Persistence.swift */; };
		0AC3123E295983DF0032CBB7 /* HomeMonitoring.xcdatamodeld in Sources */ = {isa = PBXBuildFile; fileRef = 0AC3123C295983DF0032CBB7 /* HomeMonitoring.xcdatamodeld */; };
		0AC31249295983DF0032CBB7 /* HomeMonitoringTests.swift in Sources */ = {isa = PBXBuildFile; fileRef = 0AC31248295983DF0032CBB7 /* HomeMonitoringTests.swift */; };
		0AC31253295983DF0032CBB7 /* HomeMonitoringUITests.swift in Sources */ = {isa = PBXBuildFile; fileRef = 0AC31252295983DF0032CBB7 /* HomeMonitoringUITests.swift */; };
		0AC31255295983DF0032CBB7 /* HomeMonitoringUITestsLaunchTests.swift in Sources */ = {isa = PBXBuildFile; fileRef = 0AC31254295983DF0032CBB7 /* HomeMonitoringUITestsLaunchTests.swift */; };
/* End PBXBuildFile section */

/* Begin PBXContainerItemProxy section */
		0AC31245295983DF0032CBB7 /* PBXContainerItemProxy */ = {
			isa = PBXContainerItemProxy;
			containerPortal = 0AC31226295983DE0032CBB7 /* Project object */;
			proxyType = 1;
			remoteGlobalIDString = 0AC3122D295983DE0032CBB7;
			remoteInfo = HomeMonitoring;
		};
		0AC3124F295983DF0032CBB7 /* PBXContainerItemProxy */ = {
			isa = PBXContainerItemProxy;
			containerPortal = 0AC31226295983DE0032CBB7 /* Project object */;
			proxyType = 1;
			remoteGlobalIDString = 0AC3122D295983DE0032CBB7;
			remoteInfo = HomeMonitoring;
		};
/* End PBXContainerItemProxy section */

/* Begin PBXFileReference section */
		0AC3122E295983DE0032CBB7 /* HomeMonitoring.app */ = {isa = PBXFileReference; explicitFileType = wrapper.application; includeInIndex = 0; path = HomeMonitoring.app; sourceTree = BUILT_PRODUCTS_DIR; };
		0AC31231295983DE0032CBB7 /* HomeMonitoringApp.swift */ = {isa = PBXFileReference; lastKnownFileType = sourcecode.swift; path = HomeMonitoringApp.swift; sourceTree = "<group>"; };
		0AC31233295983DE0032CBB7 /* ContentView.swift */ = {isa = PBXFileReference; lastKnownFileType = sourcecode.swift; path = ContentView.swift; sourceTree = "<group>"; };
		0AC31235295983DF0032CBB7 /* Assets.xcassets */ = {isa = PBXFileReference; lastKnownFileType = folder.assetcatalog; path = Assets.xcassets; sourceTree = "<group>"; };
		0AC31238295983DF0032CBB7 /* Preview Assets.xcassets */ = {isa = PBXFileReference; lastKnownFileType = folder.assetcatalog; path = "Preview Assets.xcassets"; sourceTree = "<group>"; };
		0AC3123A295983DF0032CBB7 /* Persistence.swift */ = {isa = PBXFileReference; lastKnownFileType = sourcecode.swift; path = Persistence.swift; sourceTree = "<group>"; };
		0AC3123D295983DF0032CBB7 /* HomeMonitoring.xcdatamodel */ = {isa = PBXFileReference; lastKnownFileType = wrapper.xcdatamodel; path = HomeMonitoring.xcdatamodel; sourceTree = "<group>"; };
		0AC3123F295983DF0032CBB7 /* HomeMonitoring.entitlements */ = {isa = PBXFileReference; lastKnownFileType = text.plist.entitlements; path = HomeMonitoring.entitlements; sourceTree = "<group>"; };
		0AC31244295983DF0032CBB7 /* HomeMonitoringTests.xctest */ = {isa = PBXFileReference; explicitFileType = wrapper.cfbundle; includeInIndex = 0; path = HomeMonitoringTests.xctest; sourceTree = BUILT_PRODUCTS_DIR; };
		0AC31248295983DF0032CBB7 /* HomeMonitoringTests.swift */ = {isa = PBXFileReference; lastKnownFileType = sourcecode.swift; path = HomeMonitoringTests.swift; sourceTree = "<group>"; };
		0AC3124E295983DF0032CBB7 /* HomeMonitoringUITests.xctest */ = {isa = PBXFileReference; explicitFileType = wrapper.cfbundle; includeInIndex = 0; path = HomeMonitoringUITests.xctest; sourceTree = BUILT_PRODUCTS_DIR; };
		0AC31252295983DF0032CBB7 /* HomeMonitoringUITests.swift */ = {isa = PBXFileReference; lastKnownFileType = sourcecode.swift; path = HomeMonitoringUITests.swift; sourceTree = "<group>"; };
		0AC31254295983DF0032CBB7 /* HomeMonitoringUITestsLaunchTests.swift */ = {isa = PBXFileReference; lastKnownFileType = sourcecode.swift; path = HomeMonitoringUITestsLaunchTests.swift; sourceTree = "<group>"; };
/* End PBXFileReference section */

/* Begin PBXFrameworksBuildPhase section */
		0AC3122B295983DE0032CBB7 /* Frameworks */ = {
			isa = PBXFrameworksBuildPhase;
			buildActionMask = 2147483647;
			files = (
			);
			runOnlyForDeploymentPostprocessing = 0;
		};
		0AC31241295983DF0032CBB7 /* Frameworks */ = {
			isa = PBXFrameworksBuildPhase;
			buildActionMask = 2147483647;
			files = (
			);
			runOnlyForDeploymentPostprocessing = 0;
		};
		0AC3124B295983DF0032CBB7 /* Frameworks */ = {
			isa = PBXFrameworksBuildPhase;
			buildActionMask = 2147483647;
			files = (
			);
			runOnlyForDeploymentPostprocessing = 0;
		};
/* End PBXFrameworksBuildPhase section */

/* Begin PBXGroup section */
		0AC31225295983DE0032CBB7 = {
			isa = PBXGroup;
			children = (
				0AC31230295983DE0032CBB7 /* HomeMonitoring */,
				0AC31247295983DF0032CBB7 /* HomeMonitoringTests */,
				0AC31251295983DF0032CBB7 /* HomeMonitoringUITests */,
				0AC3122F295983DE0032CBB7 /* Products */,
			);
			sourceTree = "<group>";
		};
		0AC3122F295983DE0032CBB7 /* Products */ = {
			isa = PBXGroup;
			children = (
				0AC3122E295983DE0032CBB7 /* HomeMonitoring.app */,
				0AC31244295983DF0032CBB7 /* HomeMonitoringTests.xctest */,
				0AC3124E295983DF0032CBB7 /* HomeMonitoringUITests.xctest */,
			);
			name = Products;
			sourceTree = "<group>";
		};
		0AC31230295983DE0032CBB7 /* HomeMonitoring */ = {
			isa = PBXGroup;
			children = (
				0AC31231295983DE0032CBB7 /* HomeMonitoringApp.swift */,
				0AC31233295983DE0032CBB7 /* ContentView.swift */,
				0AC31235295983DF0032CBB7 /* Assets.xcassets */,
				0AC3123A295983DF0032CBB7 /* Persistence.swift */,
				0AC3123F295983DF0032CBB7 /* HomeMonitoring.entitlements */,
				0AC3123C295983DF0032CBB7 /* HomeMonitoring.xcdatamodeld */,
				0AC31237295983DF0032CBB7 /* Preview Content */,
			);
			path = HomeMonitoring;
			sourceTree = "<group>";
		};
		0AC31237295983DF0032CBB7 /* Preview Content */ = {
			isa = PBXGroup;
			children = (
				0AC31238295983DF0032CBB7 /* Preview Assets.xcassets */,
			);
			path = "Preview Content";
			sourceTree = "<group>";
		};
		0AC31247295983DF0032CBB7 /* HomeMonitoringTests */ = {
			isa = PBXGroup;
			children = (
				0AC31248295983DF0032CBB7 /* HomeMonitoringTests.swift */,
			);
			path = HomeMonitoringTests;
			sourceTree = "<group>";
		};
		0AC31251295983DF0032CBB7 /* HomeMonitoringUITests */ = {
			isa = PBXGroup;
			children = (
				0AC31252295983DF0032CBB7 /* HomeMonitoringUITests.swift */,
				0AC31254295983DF0032CBB7 /* HomeMonitoringUITestsLaunchTests.swift */,
			);
			path = HomeMonitoringUITests;
			sourceTree = "<group>";
		};
/* End PBXGroup section */

/* Begin PBXNativeTarget section */
		0AC3122D295983DE0032CBB7 /* HomeMonitoring */ = {
			isa = PBXNativeTarget;
			buildConfigurationList = 0AC31258295983DF0032CBB7 /* Build configuration list for PBXNativeTarget "HomeMonitoring" */;
			buildPhases = (
				0AC3122A295983DE0032CBB7 /* Sources */,
				0AC3122B295983DE0032CBB7 /* Frameworks */,
				0AC3122C295983DE0032CBB7 /* Resources */,
			);
			buildRules = (
			);
			dependencies = (
			);
			name = HomeMonitoring;
			productName = HomeMonitoring;
			productReference = 0AC3122E295983DE0032CBB7 /* HomeMonitoring.app */;
			productType = "com.apple.product-type.application";
		};
		0AC31243295983DF0032CBB7 /* HomeMonitoringTests */ = {
			isa = PBXNativeTarget;
			buildConfigurationList = 0AC3125B295983DF0032CBB7 /* Build configuration list for PBXNativeTarget "HomeMonitoringTests" */;
			buildPhases = (
				0AC31240295983DF0032CBB7 /* Sources */,
				0AC31241295983DF0032CBB7 /* Frameworks */,
				0AC31242295983DF0032CBB7 /* Resources */,
			);
			buildRules = (
			);
			dependencies = (
				0AC31246295983DF0032CBB7 /* PBXTargetDependency */,
			);
			name = HomeMonitoringTests;
			productName = HomeMonitoringTests;
			productReference = 0AC31244295983DF0032CBB7 /* HomeMonitoringTests.xctest */;
			productType = "com.apple.product-type.bundle.unit-test";
		};
		0AC3124D295983DF0032CBB7 /* HomeMonitoringUITests */ = {
			isa = PBXNativeTarget;
			buildConfigurationList = 0AC3125E295983DF0032CBB7 /* Build configuration list for PBXNativeTarget "HomeMonitoringUITests" */;
			buildPhases = (
				0AC3124A295983DF0032CBB7 /* Sources */,
				0AC3124B295983DF0032CBB7 /* Frameworks */,
				0AC3124C295983DF0032CBB7 /* Resources */,
			);
			buildRules = (
			);
			dependencies = (
				0AC31250295983DF0032CBB7 /* PBXTargetDependency */,
			);
			name = HomeMonitoringUITests;
			productName = HomeMonitoringUITests;
			productReference = 0AC3124E295983DF0032CBB7 /* HomeMonitoringUITests.xctest */;
			productType = "com.apple.product-type.bundle.ui-testing";
		};
/* End PBXNativeTarget section */

/* Begin PBXProject section */
		0AC31226295983DE0032CBB7 /* Project object */ = {
			isa = PBXProject;
			attributes = {
				BuildIndependentTargetsInParallel = 1;
				LastSwiftUpdateCheck = 1420;
				LastUpgradeCheck = 1420;
				TargetAttributes = {
					0AC3122D295983DE0032CBB7 = {
						CreatedOnToolsVersion = 14.2;
					};
					0AC31243295983DF0032CBB7 = {
						CreatedOnToolsVersion = 14.2;
						TestTargetID = 0AC3122D295983DE0032CBB7;
					};
					0AC3124D295983DF0032CBB7 = {
						CreatedOnToolsVersion = 14.2;
						TestTargetID = 0AC3122D295983DE0032CBB7;
					};
				};
			};
			buildConfigurationList = 0AC31229295983DE0032CBB7 /* Build configuration list for PBXProject "HomeMonitoring" */;
			compatibilityVersion = "Xcode 14.0";
			developmentRegion = en;
			hasScannedForEncodings = 0;
			knownRegions = (
				en,
				Base,
			);
			mainGroup = 0AC31225295983DE0032CBB7;
			productRefGroup = 0AC3122F295983DE0032CBB7 /* Products */;
			projectDirPath = "";
			projectRoot = "";
			targets = (
				0AC3122D295983DE0032CBB7 /* HomeMonitoring */,
				0AC31243295983DF0032CBB7 /* HomeMonitoringTests */,
				0AC3124D295983DF0032CBB7 /* HomeMonitoringUITests */,
			);
		};
/* End PBXProject section */

/* Begin PBXResourcesBuildPhase section */
		0AC3122C295983DE0032CBB7 /* Resources */ = {
			isa = PBXResourcesBuildPhase;
			buildActionMask = 2147483647;
			files = (
				0AC31239295983DF0032CBB7 /* Preview Assets.xcassets in Resources */,
				0AC31236295983DF0032CBB7 /* Assets.xcassets in Resources */,
			);
			runOnlyForDeploymentPostprocessing = 0;
		};
		0AC31242295983DF0032CBB7 /* Resources */ = {
			isa = PBXResourcesBuildPhase;
			buildActionMask = 2147483647;
			files = (
			);
			runOnlyForDeploymentPostprocessing = 0;
		};
		0AC3124C295983DF0032CBB7 /* Resources */ = {
			isa = PBXResourcesBuildPhase;
			buildActionMask = 2147483647;
			files = (
			);
			runOnlyForDeploymentPostprocessing = 0;
		};
/* End PBXResourcesBuildPhase section */

/* Begin PBXSourcesBuildPhase section */
		0AC3122A295983DE0032CBB7 /* Sources */ = {
			isa = PBXSourcesBuildPhase;
			buildActionMask = 2147483647;
			files = (
				0AC3123B295983DF0032CBB7 /* Persistence.swift in Sources */,
				0AC31234295983DE0032CBB7 /* ContentView.swift in Sources */,
				0AC3123E295983DF0032CBB7 /* HomeMonitoring.xcdatamodeld in Sources */,
				0AC31232295983DE0032CBB7 /* HomeMonitoringApp.swift in Sources */,
			);
			runOnlyForDeploymentPostprocessing = 0;
		};
		0AC31240295983DF0032CBB7 /* Sources */ = {
			isa = PBXSourcesBuildPhase;
			buildActionMask = 2147483647;
			files = (
				0AC31249295983DF0032CBB7 /* HomeMonitoringTests.swift in Sources */,
			);
			runOnlyForDeploymentPostprocessing = 0;
		};
		0AC3124A295983DF0032CBB7 /* Sources */ = {
			isa = PBXSourcesBuildPhase;
			buildActionMask = 2147483647;
			files = (
				0AC31253295983DF0032CBB7 /* HomeMonitoringUITests.swift in Sources */,
				0AC31255295983DF0032CBB7 /* HomeMonitoringUITestsLaunchTests.swift in Sources */,
			);
			runOnlyForDeploymentPostprocessing = 0;
		};
/* End PBXSourcesBuildPhase section */

/* Begin PBXTargetDependency section */
		0AC31246295983DF0032CBB7 /* PBXTargetDependency */ = {
			isa = PBXTargetDependency;
			target = 0AC3122D295983DE0032CBB7 /* HomeMonitoring */;
			targetProxy = 0AC31245295983DF0032CBB7 /* PBXContainerItemProxy */;
		};
		0AC31250295983DF0032CBB7 /* PBXTargetDependency */ = {
			isa = PBXTargetDependency;
			target = 0AC3122D295983DE0032CBB7 /* HomeMonitoring */;
			targetProxy = 0AC3124F295983DF0032CBB7 /* PBXContainerItemProxy */;
		};
/* End PBXTargetDependency section */

/* Begin XCBuildConfiguration section */
		0AC31256295983DF0032CBB7 /* Debug */ = {
			isa = XCBuildConfiguration;
			buildSettings = {
				ALWAYS_SEARCH_USER_PATHS = NO;
				CLANG_ANALYZER_NONNULL = YES;
				CLANG_ANALYZER_NUMBER_OBJECT_CONVERSION = YES_AGGRESSIVE;
				CLANG_CXX_LANGUAGE_STANDARD = "gnu++20";
				CLANG_ENABLE_MODULES = YES;
				CLANG_ENABLE_OBJC_ARC = YES;
				CLANG_ENABLE_OBJC_WEAK = YES;
				CLANG_WARN_BLOCK_CAPTURE_AUTORELEASING = YES;
				CLANG_WARN_BOOL_CONVERSION = YES;
				CLANG_WARN_COMMA = YES;
				CLANG_WARN_CONSTANT_CONVERSION = YES;
				CLANG_WARN_DEPRECATED_OBJC_IMPLEMENTATIONS = YES;
				CLANG_WARN_DIRECT_OBJC_ISA_USAGE = YES_ERROR;
				CLANG_WARN_DOCUMENTATION_COMMENTS = YES;
				CLANG_WARN_EMPTY_BODY = YES;
				CLANG_WARN_ENUM_CONVERSION = YES;
				CLANG_WARN_INFINITE_RECURSION = YES;
				CLANG_WARN_INT_CONVERSION = YES;
				CLANG_WARN_NON_LITERAL_NULL_CONVERSION = YES;
				CLANG_WARN_OBJC_IMPLICIT_RETAIN_SELF = YES;
				CLANG_WARN_OBJC_LITERAL_CONVERSION = YES;
				CLANG_WARN_OBJC_ROOT_CLASS = YES_ERROR;
				CLANG_WARN_QUOTED_INCLUDE_IN_FRAMEWORK_HEADER = YES;
				CLANG_WARN_RANGE_LOOP_ANALYSIS = YES;
				CLANG_WARN_STRICT_PROTOTYPES = YES;
				CLANG_WARN_SUSPICIOUS_MOVE = YES;
				CLANG_WARN_UNGUARDED_AVAILABILITY = YES_AGGRESSIVE;
				CLANG_WARN_UNREACHABLE_CODE = YES;
				CLANG_WARN__DUPLICATE_METHOD_MATCH = YES;
				COPY_PHASE_STRIP = NO;
				DEBUG_INFORMATION_FORMAT = dwarf;
				ENABLE_STRICT_OBJC_MSGSEND = YES;
				ENABLE_TESTABILITY = YES;
				GCC_C_LANGUAGE_STANDARD = gnu11;
				GCC_DYNAMIC_NO_PIC = NO;
				GCC_NO_COMMON_BLOCKS = YES;
				GCC_OPTIMIZATION_LEVEL = 0;
				GCC_PREPROCESSOR_DEFINITIONS = (
					"DEBUG=1",
					"$(inherited)",
				);
				GCC_WARN_64_TO_32_BIT_CONVERSION = YES;
				GCC_WARN_ABOUT_RETURN_TYPE = YES_ERROR;
				GCC_WARN_UNDECLARED_SELECTOR = YES;
				GCC_WARN_UNINITIALIZED_AUTOS = YES_AGGRESSIVE;
				GCC_WARN_UNUSED_FUNCTION = YES;
				GCC_WARN_UNUSED_VARIABLE = YES;
				MACOSX_DEPLOYMENT_TARGET = 12.6;
				MTL_ENABLE_DEBUG_INFO = INCLUDE_SOURCE;
				MTL_FAST_MATH = YES;
				ONLY_ACTIVE_ARCH = YES;
				SDKROOT = macosx;
				SWIFT_ACTIVE_COMPILATION_CONDITIONS = DEBUG;
				SWIFT_OPTIMIZATION_LEVEL = "-Onone";
			};
			name = Debug;
		};
		0AC31257295983DF0032CBB7 /* Release */ = {
			isa = XCBuildConfiguration;
			buildSettings = {
				ALWAYS_SEARCH_USER_PATHS = NO;
				CLANG_ANALYZER_NONNULL = YES;
				CLANG_ANALYZER_NUMBER_OBJECT_CONVERSION = YES_AGGRESSIVE;
				CLANG_CXX_LANGUAGE_STANDARD = "gnu++20";
				CLANG_ENABLE_MODULES = YES;
				CLANG_ENABLE_OBJC_ARC = YES;
				CLANG_ENABLE_OBJC_WEAK = YES;
				CLANG_WARN_BLOCK_CAPTURE_AUTORELEASING = YES;
				CLANG_WARN_BOOL_CONVERSION = YES;
				CLANG_WARN_COMMA = YES;
				CLANG_WARN_CONSTANT_CONVERSION = YES;
				CLANG_WARN_DEPRECATED_OBJC_IMPLEMENTATIONS = YES;
				CLANG_WARN_DIRECT_OBJC_ISA_USAGE = YES_ERROR;
				CLANG_WARN_DOCUMENTATION_COMMENTS = YES;
				CLANG_WARN_EMPTY_BODY = YES;
				CLANG_WARN_ENUM_CONVERSION = YES;
				CLANG_WARN_INFINITE_RECURSION = YES;
				CLANG_WARN_INT_CONVERSION = YES;
				CLANG_WARN_NON_LITERAL_NULL_CONVERSION = YES;
				CLANG_WARN_OBJC_IMPLICIT_RETAIN_SELF = YES;
				CLANG_WARN_OBJC_LITERAL_CONVERSION = YES;
				CLANG_WARN_OBJC_ROOT_CLASS = YES_ERROR;
				CLANG_WARN_QUOTED_INCLUDE_IN_FRAMEWORK_HEADER = YES;
				CLANG_WARN_RANGE_LOOP_ANALYSIS = YES;
				CLANG_WARN_STRICT_PROTOTYPES = YES;
				CLANG_WARN_SUSPICIOUS_MOVE = YES;
				CLANG_WARN_UNGUARDED_AVAILABILITY = YES_AGGRESSIVE;
				CLANG_WARN_UNREACHABLE_CODE = YES;
				CLANG_WARN__DUPLICATE_METHOD_MATCH = YES;
				COPY_PHASE_STRIP = NO;
				DEBUG_INFORMATION_FORMAT = "dwarf-with-dsym";
				ENABLE_NS_ASSERTIONS = NO;
				ENABLE_STRICT_OBJC_MSGSEND = YES;
				GCC_C_LANGUAGE_STANDARD = gnu11;
				GCC_NO_COMMON_BLOCKS = YES;
				GCC_WARN_64_TO_32_BIT_CONVERSION = YES;
				GCC_WARN_ABOUT_RETURN_TYPE = YES_ERROR;
				GCC_WARN_UNDECLARED_SELECTOR = YES;
				GCC_WARN_UNINITIALIZED_AUTOS = YES_AGGRESSIVE;
				GCC_WARN_UNUSED_FUNCTION = YES;
				GCC_WARN_UNUSED_VARIABLE = YES;
				MACOSX_DEPLOYMENT_TARGET = 12.6;
				MTL_ENABLE_DEBUG_INFO = NO;
				MTL_FAST_MATH = YES;
				SDKROOT = macosx;
				SWIFT_COMPILATION_MODE = wholemodule;
				SWIFT_OPTIMIZATION_LEVEL = "-O";
			};
			name = Release;
		};
		0AC31259295983DF0032CBB7 /* Debug */ = {
			isa = XCBuildConfiguration;
			buildSettings = {
				ASSETCATALOG_COMPILER_APPICON_NAME = AppIcon;
				ASSETCATALOG_COMPILER_GLOBAL_ACCENT_COLOR_NAME = AccentColor;
				CODE_SIGN_ENTITLEMENTS = HomeMonitoring/HomeMonitoring.entitlements;
				CODE_SIGN_STYLE = Automatic;
				COMBINE_HIDPI_IMAGES = YES;
				CURRENT_PROJECT_VERSION = 1;
				DEVELOPMENT_ASSET_PATHS = "\"HomeMonitoring/Preview Content\"";
				DEVELOPMENT_TEAM = XNSCW872A9;
				ENABLE_HARDENED_RUNTIME = YES;
				ENABLE_PREVIEWS = YES;
				GENERATE_INFOPLIST_FILE = YES;
				INFOPLIST_KEY_NSHumanReadableCopyright = "";
				LD_RUNPATH_SEARCH_PATHS = (
					"$(inherited)",
					"@executable_path/../Frameworks",
				);
				MARKETING_VERSION = 1.0;
				PRODUCT_BUNDLE_IDENTIFIER = "com.kevin-personal.HomeMonitoring";
				PRODUCT_NAME = "$(TARGET_NAME)";
				SWIFT_EMIT_LOC_STRINGS = YES;
				SWIFT_VERSION = 5.0;
			};
			name = Debug;
		};
		0AC3125A295983DF0032CBB7 /* Release */ = {
			isa = XCBuildConfiguration;
			buildSettings = {
				ASSETCATALOG_COMPILER_APPICON_NAME = AppIcon;
				ASSETCATALOG_COMPILER_GLOBAL_ACCENT_COLOR_NAME = AccentColor;
				CODE_SIGN_ENTITLEMENTS = HomeMonitoring/HomeMonitoring.entitlements;
				CODE_SIGN_STYLE = Automatic;
				COMBINE_HIDPI_IMAGES = YES;
				CURRENT_PROJECT_VERSION = 1;
				DEVELOPMENT_ASSET_PATHS = "\"HomeMonitoring/Preview Content\"";
				DEVELOPMENT_TEAM = XNSCW872A9;
				ENABLE_HARDENED_RUNTIME = YES;
				ENABLE_PREVIEWS = YES;
				GENERATE_INFOPLIST_FILE = YES;
				INFOPLIST_KEY_NSHumanReadableCopyright = "";
				LD_RUNPATH_SEARCH_PATHS = (
					"$(inherited)",
					"@executable_path/../Frameworks",
				);
				MARKETING_VERSION = 1.0;
				PRODUCT_BUNDLE_IDENTIFIER = "com.kevin-personal.HomeMonitoring";
				PRODUCT_NAME = "$(TARGET_NAME)";
				SWIFT_EMIT_LOC_STRINGS = YES;
				SWIFT_VERSION = 5.0;
			};
			name = Release;
		};
		0AC3125C295983DF0032CBB7 /* Debug */ = {
			isa = XCBuildConfiguration;
			buildSettings = {
				ALWAYS_EMBED_SWIFT_STANDARD_LIBRARIES = YES;
				BUNDLE_LOADER = "$(TEST_HOST)";
				CODE_SIGN_STYLE = Automatic;
				CURRENT_PROJECT_VERSION = 1;
				DEVELOPMENT_TEAM = XNSCW872A9;
				GENERATE_INFOPLIST_FILE = YES;
				MACOSX_DEPLOYMENT_TARGET = 12.6;
				MARKETING_VERSION = 1.0;
				PRODUCT_BUNDLE_IDENTIFIER = "com.kevin-personal.HomeMonitoringTests";
				PRODUCT_NAME = "$(TARGET_NAME)";
				SWIFT_EMIT_LOC_STRINGS = NO;
				SWIFT_VERSION = 5.0;
				TEST_HOST = "$(BUILT_PRODUCTS_DIR)/HomeMonitoring.app/$(BUNDLE_EXECUTABLE_FOLDER_PATH)/HomeMonitoring";
			};
			name = Debug;
		};
		0AC3125D295983DF0032CBB7 /* Release */ = {
			isa = XCBuildConfiguration;
			buildSettings = {
				ALWAYS_EMBED_SWIFT_STANDARD_LIBRARIES = YES;
				BUNDLE_LOADER = "$(TEST_HOST)";
				CODE_SIGN_STYLE = Automatic;
				CURRENT_PROJECT_VERSION = 1;
				DEVELOPMENT_TEAM = XNSCW872A9;
				GENERATE_INFOPLIST_FILE = YES;
				MACOSX_DEPLOYMENT_TARGET = 12.6;
				MARKETING_VERSION = 1.0;
				PRODUCT_BUNDLE_IDENTIFIER = "com.kevin-personal.HomeMonitoringTests";
				PRODUCT_NAME = "$(TARGET_NAME)";
				SWIFT_EMIT_LOC_STRINGS = NO;
				SWIFT_VERSION = 5.0;
				TEST_HOST = "$(BUILT_PRODUCTS_DIR)/HomeMonitoring.app/$(BUNDLE_EXECUTABLE_FOLDER_PATH)/HomeMonitoring";
			};
			name = Release;
		};
		0AC3125F295983DF0032CBB7 /* Debug */ = {
			isa = XCBuildConfiguration;
			buildSettings = {
				ALWAYS_EMBED_SWIFT_STANDARD_LIBRARIES = YES;
				CODE_SIGN_STYLE = Automatic;
				CURRENT_PROJECT_VERSION = 1;
				DEVELOPMENT_TEAM = XNSCW872A9;
				GENERATE_INFOPLIST_FILE = YES;
				MARKETING_VERSION = 1.0;
				PRODUCT_BUNDLE_IDENTIFIER = "com.kevin-personal.HomeMonitoringUITests";
				PRODUCT_NAME = "$(TARGET_NAME)";
				SWIFT_EMIT_LOC_STRINGS = NO;
				SWIFT_VERSION = 5.0;
				TEST_TARGET_NAME = HomeMonitoring;
			};
			name = Debug;
		};
		0AC31260295983DF0032CBB7 /* Release */ = {
			isa = XCBuildConfiguration;
			buildSettings = {
				ALWAYS_EMBED_SWIFT_STANDARD_LIBRARIES = YES;
				CODE_SIGN_STYLE = Automatic;
				CURRENT_PROJECT_VERSION = 1;
				DEVELOPMENT_TEAM = XNSCW872A9;
				GENERATE_INFOPLIST_FILE = YES;
				MARKETING_VERSION = 1.0;
				PRODUCT_BUNDLE_IDENTIFIER = "com.kevin-personal.HomeMonitoringUITests";
				PRODUCT_NAME = "$(TARGET_NAME)";
				SWIFT_EMIT_LOC_STRINGS = NO;
				SWIFT_VERSION = 5.0;
				TEST_TARGET_NAME = HomeMonitoring;
			};
			name = Release;
		};
/* End XCBuildConfiguration section */

/* Begin XCConfigurationList section */
		0AC31229295983DE0032CBB7 /* Build configuration list for PBXProject "HomeMonitoring" */ = {
			isa = XCConfigurationList;
			buildConfigurations = (
				0AC31256295983DF0032CBB7 /* Debug */,
				0AC31257295983DF0032CBB7 /* Release */,
			);
			defaultConfigurationIsVisible = 0;
			defaultConfigurationName = Release;
		};
		0AC31258295983DF0032CBB7 /* Build configuration list for PBXNativeTarget "HomeMonitoring" */ = {
			isa = XCConfigurationList;
			buildConfigurations = (
				0AC31259295983DF0032CBB7 /* Debug */,
				0AC3125A295983DF0032CBB7 /* Release */,
			);
			defaultConfigurationIsVisible = 0;
			defaultConfigurationName = Release;
		};
		0AC3125B295983DF0032CBB7 /* Build configuration list for PBXNativeTarget "HomeMonitoringTests" */ = {
			isa = XCConfigurationList;
			buildConfigurations = (
				0AC3125C295983DF0032CBB7 /* Debug */,
				0AC3125D295983DF0032CBB7 /* Release */,
			);
			defaultConfigurationIsVisible = 0;
			defaultConfigurationName = Release;
		};
		0AC3125E295983DF0032CBB7 /* Build configuration list for PBXNativeTarget "HomeMonitoringUITests" */ = {
			isa = XCConfigurationList;
			buildConfigurations = (
				0AC3125F295983DF0032CBB7 /* Debug */,
				0AC31260295983DF0032CBB7 /* Release */,
			);
			defaultConfigurationIsVisible = 0;
			defaultConfigurationName = Release;
		};
/* End XCConfigurationList section */

/* Begin XCVersionGroup section */
		0AC3123C295983DF0032CBB7 /* HomeMonitoring.xcdatamodeld */ = {
			isa = XCVersionGroup;
			children = (
				0AC3123D295983DF0032CBB7 /* HomeMonitoring.xcdatamodel */,
			);
			currentVersion = 0AC3123D295983DF0032CBB7 /* HomeMonitoring.xcdatamodel */;
			path = HomeMonitoring.xcdatamodeld;
			sourceTree = "<group>";
			versionGroupType = wrapper.xcdatamodel;
		};
/* End XCVersionGroup section */
	};
	rootObject = 0AC31226295983DE0032CBB7 /* Project object */;
}
